
Microsoft Visual Studio Solution File, Format Version 12.00
# Visual Studio Version 17
VisualStudioVersion = 17.0.31903.59
MinimumVisualStudioVersion = 10.0.40219.1
Project("{2150E333-8FDC-42A3-9474-1A3956D46DE8}") = "src", "src", "{3AA7CB80-73A5-43A1-B4B0-183B1EF99029}"
EndProject
Project("{FAE04EC0-301F-11D3-BF4B-00C04F79EFBC}") = "FCG.Domain", "src\FCG.Domain\FCG.Domain.csproj", "{2221ABF8-81F4-4D14-A980-3C177BBB7AC2}"
EndProject
Project("{FAE04EC0-301F-11D3-BF4B-00C04F79EFBC}") = "FCG.Application", "src\FCG.Application\FCG.Application.csproj", "{74A7138F-37D5-45FC-A8D7-75B487233C52}"
EndProject
Project("{FAE04EC0-301F-11D3-BF4B-00C04F79EFBC}") = "FCG.Infrastructure", "src\FCG.Infrastructure\FCG.Infrastructure.csproj", "{1638E825-40D1-46A6-91FC-B47FCE239E73}"
EndProject
Project("{FAE04EC0-301F-11D3-BF4B-00C04F79EFBC}") = "FCG.API", "src\FCG.API\FCG.API.csproj", "{661B3324-7340-4EBC-A89B-23FE1D99F126}"
EndProject
Project("{2150E333-8FDC-42A3-9474-1A3956D46DE8}") = "tests", "tests", "{C94BA5DD-E7C7-43FB-9C19-34877C5669AE}"
EndProject
Project("{FAE04EC0-301F-11D3-BF4B-00C04F79EFBC}") = "FCG.Tests", "tests\FCG.Tests\FCG.Tests.csproj", "{36992FA8-5AFB-4BA8-9030-224F5B8FAC0B}"
EndProject
Project("{FAE04EC0-301F-11D3-BF4B-00C04F79EFBC}") = "FCG.BDD.Tests", "tests\FCG.BDD.Tests\FCG.BDD.Tests.csproj", "{D15124C4-2A32-4363-9A5C-C68FF3A6938D}"
EndProject
Project("{FAE04EC0-301F-11D3-BF4B-00C04F79EFBC}") = "Teste_BDD", "Teste_BDD\Teste_BDD.csproj", "{5C8EEFC4-2253-41BA-8E43-7B673E42D147}"
EndProject
Global
	GlobalSection(SolutionConfigurationPlatforms) = preSolution
		Debug|Any CPU = Debug|Any CPU
		Release|Any CPU = Release|Any CPU
	EndGlobalSection
	GlobalSection(ProjectConfigurationPlatforms) = postSolution
		{2221ABF8-81F4-4D14-A980-3C177BBB7AC2}.Debug|Any CPU.ActiveCfg = Debug|Any CPU
		{2221ABF8-81F4-4D14-A980-3C177BBB7AC2}.Debug|Any CPU.Build.0 = Debug|Any CPU
		{2221ABF8-81F4-4D14-A980-3C177BBB7AC2}.Release|Any CPU.ActiveCfg = Release|Any CPU
		{2221ABF8-81F4-4D14-A980-3C177BBB7AC2}.Release|Any CPU.Build.0 = Release|Any CPU
		{74A7138F-37D5-45FC-A8D7-75B487233C52}.Debug|Any CPU.ActiveCfg = Debug|Any CPU
		{74A7138F-37D5-45FC-A8D7-75B487233C52}.Debug|Any CPU.Build.0 = Debug|Any CPU
		{74A7138F-37D5-45FC-A8D7-75B487233C52}.Release|Any CPU.ActiveCfg = Release|Any CPU
		{74A7138F-37D5-45FC-A8D7-75B487233C52}.Release|Any CPU.Build.0 = Release|Any CPU
		{1638E825-40D1-46A6-91FC-B47FCE239E73}.Debug|Any CPU.ActiveCfg = Debug|Any CPU
		{1638E825-40D1-46A6-91FC-B47FCE239E73}.Debug|Any CPU.Build.0 = Debug|Any CPU
		{1638E825-40D1-46A6-91FC-B47FCE239E73}.Release|Any CPU.ActiveCfg = Release|Any CPU
		{1638E825-40D1-46A6-91FC-B47FCE239E73}.Release|Any CPU.Build.0 = Release|Any CPU
		{661B3324-7340-4EBC-A89B-23FE1D99F126}.Debug|Any CPU.ActiveCfg = Debug|Any CPU
		{661B3324-7340-4EBC-A89B-23FE1D99F126}.Debug|Any CPU.Build.0 = Debug|Any CPU
		{661B3324-7340-4EBC-A89B-23FE1D99F126}.Release|Any CPU.ActiveCfg = Release|Any CPU
		{661B3324-7340-4EBC-A89B-23FE1D99F126}.Release|Any CPU.Build.0 = Release|Any CPU
		{36992FA8-5AFB-4BA8-9030-224F5B8FAC0B}.Debug|Any CPU.ActiveCfg = Debug|Any CPU
		{36992FA8-5AFB-4BA8-9030-224F5B8FAC0B}.Debug|Any CPU.Build.0 = Debug|Any CPU
		{36992FA8-5AFB-4BA8-9030-224F5B8FAC0B}.Release|Any CPU.ActiveCfg = Release|Any CPU
		{36992FA8-5AFB-4BA8-9030-224F5B8FAC0B}.Release|Any CPU.Build.0 = Release|Any CPU
		{D15124C4-2A32-4363-9A5C-C68FF3A6938D}.Debug|Any CPU.ActiveCfg = Debug|Any CPU
		{D15124C4-2A32-4363-9A5C-C68FF3A6938D}.Debug|Any CPU.Build.0 = Debug|Any CPU
		{D15124C4-2A32-4363-9A5C-C68FF3A6938D}.Release|Any CPU.ActiveCfg = Release|Any CPU
		{D15124C4-2A32-4363-9A5C-C68FF3A6938D}.Release|Any CPU.Build.0 = Release|Any CPU
		{5C8EEFC4-2253-41BA-8E43-7B673E42D147}.Debug|Any CPU.ActiveCfg = Debug|Any CPU
		{5C8EEFC4-2253-41BA-8E43-7B673E42D147}.Debug|Any CPU.Build.0 = Debug|Any CPU
		{5C8EEFC4-2253-41BA-8E43-7B673E42D147}.Release|Any CPU.ActiveCfg = Release|Any CPU
		{5C8EEFC4-2253-41BA-8E43-7B673E42D147}.Release|Any CPU.Build.0 = Release|Any CPU
	EndGlobalSection
	GlobalSection(SolutionProperties) = preSolution
		HideSolutionNode = FALSE
	EndGlobalSection
	GlobalSection(NestedProjects) = preSolution
		{2221ABF8-81F4-4D14-A980-3C177BBB7AC2} = {3AA7CB80-73A5-43A1-B4B0-183B1EF99029}
		{74A7138F-37D5-45FC-A8D7-75B487233C52} = {3AA7CB80-73A5-43A1-B4B0-183B1EF99029}
		{1638E825-40D1-46A6-91FC-B47FCE239E73} = {3AA7CB80-73A5-43A1-B4B0-183B1EF99029}
		{661B3324-7340-4EBC-A89B-23FE1D99F126} = {3AA7CB80-73A5-43A1-B4B0-183B1EF99029}
		{36992FA8-5AFB-4BA8-9030-224F5B8FAC0B} = {C94BA5DD-E7C7-43FB-9C19-34877C5669AE}
		{D15124C4-2A32-4363-9A5C-C68FF3A6938D} = {C94BA5DD-E7C7-43FB-9C19-34877C5669AE}
		{5C8EEFC4-2253-41BA-8E43-7B673E42D147} = {C94BA5DD-E7C7-43FB-9C19-34877C5669AE}
	EndGlobalSection
EndGlobal
